Microsoft Visual Studio Solution File, Format Version 9.00
# Visual Studio 2005
Project("{FAE04EC0-301F-11D3-BF4B-00C04F79EFBC}") = "DbLinq.MySql", "DbLinq\DbLinq.MySql.csproj", "{42B135DF-562B-48FD-9A63-43B1D30321A6}"
EndProject
Project("{FAE04EC0-301F-11D3-BF4B-00C04F79EFBC}") = "MysqlMetal", "SqlMetal\MysqlMetal.csproj", "{93E8F1C0-866E-4447-94FC-0C36E5CB9043}"
EndProject
Project("{FAE04EC0-301F-11D3-BF4B-00C04F79EFBC}") = "ClientCodeMysql", "ClientCodeMySql\ClientCodeMysql.csproj", "{B8E7590F-1EA8-49AE-9808-A36C8A67E322}"
EndProject
Project("{FAE04EC0-301F-11D3-BF4B-00C04F79EFBC}") = "Test_NUnit_Mysql", "Tests\Test_NUnit\Test_NUnit_Mysql.csproj", "{858BAFF7-542F-4DBB-9C9B-57FCDE4DB7CE}"
EndProject
Global
	GlobalSection(SolutionConfigurationPlatforms) = preSolution
		Debug|Any CPU = Debug|Any CPU
		Release|Any CPU = Release|Any CPU
	EndGlobalSection
	GlobalSection(ProjectConfigurationPlatforms) = postSolution
		{42B135DF-562B-48FD-9A63-43B1D30321A6}.Debug|Any CPU.ActiveCfg = Debug|Any CPU
		{42B135DF-562B-48FD-9A63-43B1D30321A6}.Debug|Any CPU.Build.0 = Debug|Any CPU
		{42B135DF-562B-48FD-9A63-43B1D30321A6}.Release|Any CPU.ActiveCfg = Release|Any CPU
		{42B135DF-562B-48FD-9A63-43B1D30321A6}.Release|Any CPU.Build.0 = Release|Any CPU
		{93E8F1C0-866E-4447-94FC-0C36E5CB9043}.Debug|Any CPU.ActiveCfg = Debug|Any CPU
		{93E8F1C0-866E-4447-94FC-0C36E5CB9043}.Debug|Any CPU.Build.0 = Debug|Any CPU
		{93E8F1C0-866E-4447-94FC-0C36E5CB9043}.Release|Any CPU.ActiveCfg = Release|Any CPU
		{93E8F1C0-866E-4447-94FC-0C36E5CB9043}.Release|Any CPU.Build.0 = Release|Any CPU
		{B8E7590F-1EA8-49AE-9808-A36C8A67E322}.Debug|Any CPU.ActiveCfg = Debug|Any CPU
		{B8E7590F-1EA8-49AE-9808-A36C8A67E322}.Debug|Any CPU.Build.0 = Debug|Any CPU
		{B8E7590F-1EA8-49AE-9808-A36C8A67E322}.Release|Any CPU.ActiveCfg = Release|Any CPU
		{B8E7590F-1EA8-49AE-9808-A36C8A67E322}.Release|Any CPU.Build.0 = Release|Any CPU
		{858BAFF7-542F-4DBB-9C9B-57FCDE4DB7CE}.Debug|Any CPU.ActiveCfg = Debug|Any CPU
		{858BAFF7-542F-4DBB-9C9B-57FCDE4DB7CE}.Debug|Any CPU.Build.0 = Debug|Any CPU
		{858BAFF7-542F-4DBB-9C9B-57FCDE4DB7CE}.Release|Any CPU.ActiveCfg = Release|Any CPU
		{858BAFF7-542F-4DBB-9C9B-57FCDE4DB7CE}.Release|Any CPU.Build.0 = Release|Any CPU
	EndGlobalSection
	GlobalSection(SolutionProperties) = preSolution
		HideSolutionNode = FALSE
	EndGlobalSection
EndGlobal
