Microsoft Visual Studio Solution File, Format Version 10.00
# Visual Studio Codename Orcas
Project("{FAE04EC0-301F-11D3-BF4B-00C04F79EFBC}") = "DbLinq.MySql", "DbLinq\DbLinq.MySql.csproj", "{42B135DF-562B-48FD-9A63-43B1D30321A6}"
EndProject
Project("{FAE04EC0-301F-11D3-BF4B-00C04F79EFBC}") = "MysqlMetal", "SqlMetal\MysqlMetal.csproj", "{93E8F1C0-866E-4447-94FC-0C36E5CB9043}"
EndProject
Project("{FAE04EC0-301F-11D3-BF4B-00C04F79EFBC}") = "Test_NUnit_Mysql", "Tests\Test_NUnit\Test_NUnit_Mysql.csproj", "{858BAFF7-542F-4DBB-9C9B-57FCDE4DB7CE}"
EndProject
Project("{FAE04EC0-301F-11D3-BF4B-00C04F79EFBC}") = "DbLinq.MySql.Example", "DbLinq.MySql.Example\DbLinq.MySql.Example.csproj", "{B8E7590F-1EA8-49AE-9808-A36C8A67E322}"
EndProject
Project("{2150E333-8FDC-42A3-9474-1A3956D46DE8}") = "Solution Items", "Solution Items", "{86C0698A-D54C-416B-A2C2-28068C18CF08}"
	ProjectSection(SolutionItems) = preProject
		readme.txt = readme.txt
	EndProjectSection
EndProject
Global
	GlobalSection(SolutionConfigurationPlatforms) = preSolution
		Debug|Any CPU = Debug|Any CPU
		Release|Any CPU = Release|Any CPU
	EndGlobalSection
	GlobalSection(ProjectConfigurationPlatforms) = postSolution
		{42B135DF-562B-48FD-9A63-43B1D30321A6}.Debug|Any CPU.ActiveCfg = Debug|Any CPU
		{42B135DF-562B-48FD-9A63-43B1D30321A6}.Debug|Any CPU.Build.0 = Debug|Any CPU
		{42B135DF-562B-48FD-9A63-43B1D30321A6}.Release|Any CPU.ActiveCfg = Release|Any CPU
		{42B135DF-562B-48FD-9A63-43B1D30321A6}.Release|Any CPU.Build.0 = Release|Any CPU
		{93E8F1C0-866E-4447-94FC-0C36E5CB9043}.Debug|Any CPU.ActiveCfg = Debug|Any CPU
		{93E8F1C0-866E-4447-94FC-0C36E5CB9043}.Debug|Any CPU.Build.0 = Debug|Any CPU
		{93E8F1C0-866E-4447-94FC-0C36E5CB9043}.Release|Any CPU.ActiveCfg = Release|Any CPU
		{93E8F1C0-866E-4447-94FC-0C36E5CB9043}.Release|Any CPU.Build.0 = Release|Any CPU
		{858BAFF7-542F-4DBB-9C9B-57FCDE4DB7CE}.Debug|Any CPU.ActiveCfg = Debug|Any CPU
		{858BAFF7-542F-4DBB-9C9B-57FCDE4DB7CE}.Debug|Any CPU.Build.0 = Debug|Any CPU
		{858BAFF7-542F-4DBB-9C9B-57FCDE4DB7CE}.Release|Any CPU.ActiveCfg = Release|Any CPU
		{858BAFF7-542F-4DBB-9C9B-57FCDE4DB7CE}.Release|Any CPU.Build.0 = Release|Any CPU
		{B8E7590F-1EA8-49AE-9808-A36C8A67E322}.Debug|Any CPU.ActiveCfg = Debug|Any CPU
		{B8E7590F-1EA8-49AE-9808-A36C8A67E322}.Debug|Any CPU.Build.0 = Debug|Any CPU
		{B8E7590F-1EA8-49AE-9808-A36C8A67E322}.Release|Any CPU.ActiveCfg = Release|Any CPU
		{B8E7590F-1EA8-49AE-9808-A36C8A67E322}.Release|Any CPU.Build.0 = Release|Any CPU
	EndGlobalSection
	GlobalSection(SolutionProperties) = preSolution
		HideSolutionNode = FALSE
	EndGlobalSection
EndGlobal
