Microsoft Visual Studio Solution File, Format Version 10.00
# Visual Studio 2008
Project("{2150E333-8FDC-42A3-9474-1A3956D46DE8}") = "Solution Items", "Solution Items", "{05C5B3A4-2F0B-4330-8106-14D91A73D9F0}"
	ProjectSection(SolutionItems) = preProject
		DbLinq.vsmdi = DbLinq.vsmdi
		LocalTestRun.testrunconfig = LocalTestRun.testrunconfig
	EndProjectSection
EndProject
Project("{FAE04EC0-301F-11D3-BF4B-00C04F79EFBC}") = "DbLinq", "DbLinq\DbLinq.csproj", "{97305421-3071-4175-AA3C-9A432CC28121}"
EndProject
Project("{FAE04EC0-301F-11D3-BF4B-00C04F79EFBC}") = "DbLinq.SqlServer", "DbLinq.SqlServer\DbLinq.SqlServer.csproj", "{EA47FE75-0E41-4ABF-B355-9667E78072E9}"
EndProject
Project("{FAE04EC0-301F-11D3-BF4B-00C04F79EFBC}") = "DbLinq.Mssql.Example", "Example\DbLinq.Mssql.Example\DbLinq.Mssql.Example.csproj", "{91F0C291-3E1C-4058-A52D-A780CFE92183}"
EndProject
Project("{FAE04EC0-301F-11D3-BF4B-00C04F79EFBC}") = "SqlMetal", "SqlMetal\SqlMetal.csproj", "{363FF43D-C870-4423-BE50-DAED7793A6D1}"
EndProject
Global
	GlobalSection(SolutionConfigurationPlatforms) = preSolution
		Debug|Any CPU = Debug|Any CPU
		Release|Any CPU = Release|Any CPU
	EndGlobalSection
	GlobalSection(ProjectConfigurationPlatforms) = postSolution
		{97305421-3071-4175-AA3C-9A432CC28121}.Debug|Any CPU.ActiveCfg = Debug|Any CPU
		{97305421-3071-4175-AA3C-9A432CC28121}.Debug|Any CPU.Build.0 = Debug|Any CPU
		{97305421-3071-4175-AA3C-9A432CC28121}.Release|Any CPU.ActiveCfg = Release|Any CPU
		{97305421-3071-4175-AA3C-9A432CC28121}.Release|Any CPU.Build.0 = Release|Any CPU
		{EA47FE75-0E41-4ABF-B355-9667E78072E9}.Debug|Any CPU.ActiveCfg = Debug|Any CPU
		{EA47FE75-0E41-4ABF-B355-9667E78072E9}.Debug|Any CPU.Build.0 = Debug|Any CPU
		{EA47FE75-0E41-4ABF-B355-9667E78072E9}.Release|Any CPU.ActiveCfg = Release|Any CPU
		{EA47FE75-0E41-4ABF-B355-9667E78072E9}.Release|Any CPU.Build.0 = Release|Any CPU
		{91F0C291-3E1C-4058-A52D-A780CFE92183}.Debug|Any CPU.ActiveCfg = Debug|Any CPU
		{91F0C291-3E1C-4058-A52D-A780CFE92183}.Debug|Any CPU.Build.0 = Debug|Any CPU
		{91F0C291-3E1C-4058-A52D-A780CFE92183}.Release|Any CPU.ActiveCfg = Release|Any CPU
		{91F0C291-3E1C-4058-A52D-A780CFE92183}.Release|Any CPU.Build.0 = Release|Any CPU
		{363FF43D-C870-4423-BE50-DAED7793A6D1}.Debug|Any CPU.ActiveCfg = Debug|Any CPU
		{363FF43D-C870-4423-BE50-DAED7793A6D1}.Debug|Any CPU.Build.0 = Debug|Any CPU
		{363FF43D-C870-4423-BE50-DAED7793A6D1}.Release|Any CPU.ActiveCfg = Release|Any CPU
		{363FF43D-C870-4423-BE50-DAED7793A6D1}.Release|Any CPU.Build.0 = Release|Any CPU
	EndGlobalSection
	GlobalSection(SolutionProperties) = preSolution
		HideSolutionNode = FALSE
	EndGlobalSection
EndGlobal
